
Microsoft Visual Studio Solution File, Format Version 12.00
# Visual Studio 14
VisualStudioVersion = 14.0.25420.1
MinimumVisualStudioVersion = 10.0.40219.1
Project("{FAE04EC0-301F-11D3-BF4B-00C04F79EFBC}") = "Diprolim", "Diprolim\Diprolim.csproj", "{14E1F758-3BCE-44CB-848F-D0836FA766F3}"
EndProject
Project("{FAE04EC0-301F-11D3-BF4B-00C04F79EFBC}") = "ReglasNegocios", "ReglasNegocios\ReglasNegocios.csproj", "{FF3CF099-391F-49E7-9901-12BD83EDACFE}"
EndProject
Project("{FAE04EC0-301F-11D3-BF4B-00C04F79EFBC}") = "AccesoDatos", "AccesoDatos\AccesoDatos.csproj", "{8731BF54-F808-4430-B7AC-C3B4671E562B}"
EndProject
Project("{FAE04EC0-301F-11D3-BF4B-00C04F79EFBC}") = "ClaseUnica", "..\..\..\..\ClaseUnica\ClaseUnica\ClaseUnica\ClaseUnica.csproj", "{E72542F9-9A74-42ED-94BE-5D71EB40EC29}"
EndProject
Project("{FAE04EC0-301F-11D3-BF4B-00C04F79EFBC}") = "Entidades", "Entidades\Entidades.csproj", "{7FA531F1-B4EC-4B3E-9DBC-401109F75121}"
EndProject
Project("{FAE04EC0-301F-11D3-BF4B-00C04F79EFBC}") = "ConexionConfig", "ConexionConfig\ConexionConfig.csproj", "{823966EF-4A35-4C46-8370-28DC4FF6D5CD}"
EndProject
Project("{FAE04EC0-301F-11D3-BF4B-00C04F79EFBC}") = "Enumeradores", "Enumeradores\Enumeradores.csproj", "{78E77A0D-6015-4410-8361-02CC9AC627C0}"
EndProject
Global
	GlobalSection(SolutionConfigurationPlatforms) = preSolution
		Debug|Any CPU = Debug|Any CPU
		Debug|x86 = Debug|x86
		Release|Any CPU = Release|Any CPU
		Release|x86 = Release|x86
	EndGlobalSection
	GlobalSection(ProjectConfigurationPlatforms) = postSolution
		{14E1F758-3BCE-44CB-848F-D0836FA766F3}.Debug|Any CPU.ActiveCfg = Debug|Any CPU
		{14E1F758-3BCE-44CB-848F-D0836FA766F3}.Debug|Any CPU.Build.0 = Debug|Any CPU
		{14E1F758-3BCE-44CB-848F-D0836FA766F3}.Debug|x86.ActiveCfg = Debug|Any CPU
		{14E1F758-3BCE-44CB-848F-D0836FA766F3}.Debug|x86.Build.0 = Debug|Any CPU
		{14E1F758-3BCE-44CB-848F-D0836FA766F3}.Release|Any CPU.ActiveCfg = Release|Any CPU
		{14E1F758-3BCE-44CB-848F-D0836FA766F3}.Release|Any CPU.Build.0 = Release|Any CPU
		{14E1F758-3BCE-44CB-848F-D0836FA766F3}.Release|x86.ActiveCfg = Release|Any CPU
		{14E1F758-3BCE-44CB-848F-D0836FA766F3}.Release|x86.Build.0 = Release|Any CPU
		{FF3CF099-391F-49E7-9901-12BD83EDACFE}.Debug|Any CPU.ActiveCfg = Debug|Any CPU
		{FF3CF099-391F-49E7-9901-12BD83EDACFE}.Debug|Any CPU.Build.0 = Debug|Any CPU
		{FF3CF099-391F-49E7-9901-12BD83EDACFE}.Debug|x86.ActiveCfg = Debug|Any CPU
		{FF3CF099-391F-49E7-9901-12BD83EDACFE}.Debug|x86.Build.0 = Debug|Any CPU
		{FF3CF099-391F-49E7-9901-12BD83EDACFE}.Release|Any CPU.ActiveCfg = Release|Any CPU
		{FF3CF099-391F-49E7-9901-12BD83EDACFE}.Release|Any CPU.Build.0 = Release|Any CPU
		{FF3CF099-391F-49E7-9901-12BD83EDACFE}.Release|x86.ActiveCfg = Release|Any CPU
		{FF3CF099-391F-49E7-9901-12BD83EDACFE}.Release|x86.Build.0 = Release|Any CPU
		{8731BF54-F808-4430-B7AC-C3B4671E562B}.Debug|Any CPU.ActiveCfg = Debug|Any CPU
		{8731BF54-F808-4430-B7AC-C3B4671E562B}.Debug|Any CPU.Build.0 = Debug|Any CPU
		{8731BF54-F808-4430-B7AC-C3B4671E562B}.Debug|x86.ActiveCfg = Debug|x86
		{8731BF54-F808-4430-B7AC-C3B4671E562B}.Debug|x86.Build.0 = Debug|x86
		{8731BF54-F808-4430-B7AC-C3B4671E562B}.Release|Any CPU.ActiveCfg = Release|Any CPU
		{8731BF54-F808-4430-B7AC-C3B4671E562B}.Release|Any CPU.Build.0 = Release|Any CPU
		{8731BF54-F808-4430-B7AC-C3B4671E562B}.Release|x86.ActiveCfg = Release|x86
		{8731BF54-F808-4430-B7AC-C3B4671E562B}.Release|x86.Build.0 = Release|x86
		{E72542F9-9A74-42ED-94BE-5D71EB40EC29}.Debug|Any CPU.ActiveCfg = Debug|Any CPU
		{E72542F9-9A74-42ED-94BE-5D71EB40EC29}.Debug|Any CPU.Build.0 = Debug|Any CPU
		{E72542F9-9A74-42ED-94BE-5D71EB40EC29}.Debug|x86.ActiveCfg = Debug|Any CPU
		{E72542F9-9A74-42ED-94BE-5D71EB40EC29}.Debug|x86.Build.0 = Debug|Any CPU
		{E72542F9-9A74-42ED-94BE-5D71EB40EC29}.Release|Any CPU.ActiveCfg = Release|Any CPU
		{E72542F9-9A74-42ED-94BE-5D71EB40EC29}.Release|Any CPU.Build.0 = Release|Any CPU
		{E72542F9-9A74-42ED-94BE-5D71EB40EC29}.Release|x86.ActiveCfg = Release|Any CPU
		{E72542F9-9A74-42ED-94BE-5D71EB40EC29}.Release|x86.Build.0 = Release|Any CPU
		{7FA531F1-B4EC-4B3E-9DBC-401109F75121}.Debug|Any CPU.ActiveCfg = Debug|Any CPU
		{7FA531F1-B4EC-4B3E-9DBC-401109F75121}.Debug|Any CPU.Build.0 = Debug|Any CPU
		{7FA531F1-B4EC-4B3E-9DBC-401109F75121}.Debug|x86.ActiveCfg = Debug|Any CPU
		{7FA531F1-B4EC-4B3E-9DBC-401109F75121}.Release|Any CPU.ActiveCfg = Release|Any CPU
		{7FA531F1-B4EC-4B3E-9DBC-401109F75121}.Release|Any CPU.Build.0 = Release|Any CPU
		{7FA531F1-B4EC-4B3E-9DBC-401109F75121}.Release|x86.ActiveCfg = Release|Any CPU
		{823966EF-4A35-4C46-8370-28DC4FF6D5CD}.Debug|Any CPU.ActiveCfg = Debug|Any CPU
		{823966EF-4A35-4C46-8370-28DC4FF6D5CD}.Debug|Any CPU.Build.0 = Debug|Any CPU
		{823966EF-4A35-4C46-8370-28DC4FF6D5CD}.Debug|x86.ActiveCfg = Debug|Any CPU
		{823966EF-4A35-4C46-8370-28DC4FF6D5CD}.Release|Any CPU.ActiveCfg = Release|Any CPU
		{823966EF-4A35-4C46-8370-28DC4FF6D5CD}.Release|Any CPU.Build.0 = Release|Any CPU
		{823966EF-4A35-4C46-8370-28DC4FF6D5CD}.Release|x86.ActiveCfg = Release|Any CPU
		{78E77A0D-6015-4410-8361-02CC9AC627C0}.Debug|Any CPU.ActiveCfg = Debug|Any CPU
		{78E77A0D-6015-4410-8361-02CC9AC627C0}.Debug|Any CPU.Build.0 = Debug|Any CPU
		{78E77A0D-6015-4410-8361-02CC9AC627C0}.Debug|x86.ActiveCfg = Debug|Any CPU
		{78E77A0D-6015-4410-8361-02CC9AC627C0}.Debug|x86.Build.0 = Debug|Any CPU
		{78E77A0D-6015-4410-8361-02CC9AC627C0}.Release|Any CPU.ActiveCfg = Release|Any CPU
		{78E77A0D-6015-4410-8361-02CC9AC627C0}.Release|Any CPU.Build.0 = Release|Any CPU
		{78E77A0D-6015-4410-8361-02CC9AC627C0}.Release|x86.ActiveCfg = Release|Any CPU
		{78E77A0D-6015-4410-8361-02CC9AC627C0}.Release|x86.Build.0 = Release|Any CPU
	EndGlobalSection
	GlobalSection(SolutionProperties) = preSolution
		HideSolutionNode = FALSE
	EndGlobalSection
EndGlobal
